{
    "_meta": {
        "hash": {
            "sha256": "9abfcac9d48d1334f0a1a07b3387142c805868538c60227773ccd161fbc1876b"
        },
        "pipfile-spec": 6,
        "requires": {
            "python_version": "3"
        },
        "sources": [
            {
                "name": "pypi",
                "url": "https://pypi.org/simple",
                "verify_ssl": true
            }
        ]
    },
    "default": {
        "asgiref": {
            "hashes": [
                "sha256:1d2880b792ae8757289136f1db2b7b99100ce959b2aa57fd69dab783d05afac4",
                "sha256:4a29362a6acebe09bf1d6640db38c1dc3d9217c68e6f9f6204d72667fc19a424"
            ],
            "markers": "python_version >= '3.7'",
            "version": "==3.5.2"
        },
        "django": {
            "hashes": [
                "sha256:9bc7aa619ed878fedba62ce139abe663a147dccfd20e907725ec11e02a1ca225",
                "sha256:d58d8394036db75a81896037d757357e79406e8f68816c3e8a28721c1d9d4c11"
            ],
            "index": "pypi",
            "version": "==3.0.14"
        },
        "psycopg2": {
            "hashes": [
                "sha256:4212ca404c4445dc5746c0d68db27d2cbfb87b523fe233dc84ecd24062e35677",
                "sha256:47fc642bf6f427805daf52d6e52619fe0637648fe27017062d898f3bf891419d",
                "sha256:72772181d9bad1fa349792a1e7384dde56742c14af2b9986013eb94a240f005b",
                "sha256:8396be6e5ff844282d4d49b81631772f80dabae5658d432202faf101f5283b7c",
                "sha256:893c11064b347b24ecdd277a094413e1954f8a4e8cdaf7ffbe7ca3db87c103f0",
                "sha256:92a07dfd4d7c325dd177548c4134052d4842222833576c8391aab6f74038fc3f",
                "sha256:965c4c93e33e6984d8031f74e51227bd755376a9df6993774fd5b6fb3288b1f4",
                "sha256:9ab75e0b2820880ae24b7136c4d230383e07db014456a476d096591172569c38",
                "sha256:b0845e3bdd4aa18dc2f9b6fb78fbd3d9d371ad167fd6d1b7ad01c0a6cdad4fc6",
                "sha256:dca2d7203f0dfce8ea4b3efd668f8ea65cd2b35112638e488a4c12594015f67b",
                "sha256:ed686e5926929887e2c7ae0a700e32c6129abb798b4ad2b846e933de21508151",
                "sha256:ef6df7e14698e79c59c7ee7cf94cd62e5b869db369ed4b1b8f7b729ea825712a",
                "sha256:f898e5cc0a662a9e12bde6f931263a1bbd350cfb18e1d5336a12927851825bb6"
            ],
            "index": "pypi",
            "version": "==2.8.4"
        },
        "pytz": {
            "hashes": [
                "sha256:1e760e2fe6a8163bc0b3d9a19c4f84342afa0a2affebfaa84b01b978a02ecaa7",
                "sha256:e68985985296d9a66a881eb3193b0906246245294a881e7c8afe623866ac6a5c"
            ],
            "version": "==2022.1"
        },
        "sqlparse": {
            "hashes": [
                "sha256:0c00730c74263a94e5a9919ade150dfc3b19c574389985446148402998287dae",
                "sha256:48719e356bb8b42991bdbb1e8b83223757b93789c00910a616a071910ca4a64d"
            ],
            "markers": "python_version >= '3.5'",
            "version": "==0.4.2"
        }
    },
    "develop": {
        "appdirs": {
            "hashes": [
                "sha256:7d5d0167b2b1ba821647616af46a749d1c653740dd0d2415100fe26e27afdf41",
                "sha256:a841dacd6b99318a741b166adb07e19ee71a274450e68237b4650ca1055ab128"
            ],
            "version": "==1.4.4"
        },
        "asgiref": {
            "hashes": [
                "sha256:1d2880b792ae8757289136f1db2b7b99100ce959b2aa57fd69dab783d05afac4",
                "sha256:4a29362a6acebe09bf1d6640db38c1dc3d9217c68e6f9f6204d72667fc19a424"
            ],
            "markers": "python_version >= '3.7'",
            "version": "==3.5.2"
        },
        "atomicwrites": {
            "hashes": [
                "sha256:81b2c9071a49367a7f770170e5eec8cb66567cfbbc8c73d20ce5ca4a8d71cf11"
            ],
            "version": "==1.4.1"
        },
        "attrs": {
            "hashes": [
                "sha256:2d27e3784d7a565d36ab851fe94887c5eccd6a463168875832a1be79c82828b4",
                "sha256:626ba8234211db98e869df76230a137c4c40a12d72445c45d5f5b716f076e2fd"
            ],
            "markers": "python_version >= '2.7' and python_version not in '3.0, 3.1, 3.2, 3.3, 3.4'",
            "version": "==21.4.0"
        },
        "beautifultable": {
            "hashes": [
                "sha256:8deee768c7939578412f930c95c2ac51307fb723a6368e9e233091cdad240537",
                "sha256:f1185c5bbb2d522a9c7dfe24cc55151f32379031d001c9731a2b55714b927089"
            ],
            "version": "==0.7.0"
        },
        "black": {
            "hashes": [
                "sha256:817243426042db1d36617910df579a54f1afd659adb96fc5032fcf4b36209739",
                "sha256:e030a9a28f542debc08acceb273f228ac422798e5215ba2a791a6ddeaaca22a5"
            ],
            "index": "pypi",
            "version": "==18.9b0"
        },
        "bleach": {
            "hashes": [
                "sha256:085f7f33c15bd408dd9b17a4ad77c577db66d76203e5984b1bd59baeee948b2a",
                "sha256:0d03255c47eb9bd2f26aa9bb7f2107732e7e8fe195ca2f64709fcf3b0a4a085c"
            ],
            "markers": "python_version >= '3.7'",
            "version": "==5.0.1"
        },
        "bumpversion": {
            "hashes": [
                "sha256:6744c873dd7aafc24453d8b6a1a0d6d109faf63cd0cd19cb78fd46e74932c77e",
                "sha256:6753d9ff3552013e2130f7bc03c1007e24473b4835952679653fb132367bdd57"
            ],
            "index": "pypi",
            "version": "==0.5.3"
        },
        "cached-property": {
            "hashes": [
                "sha256:9fa5755838eecbb2d234c3aa390bd80fbd3ac6b6869109bfc1b499f7bd89a130",
                "sha256:df4f613cf7ad9a588cc381aaf4a512d26265ecebd5eb9e1ba12f1319eb85a6a0"
            ],
            "version": "==1.5.2"
        },
        "cerberus": {
            "hashes": [
                "sha256:d1b21b3954b2498d9a79edf16b3170a3ac1021df88d197dc2ce5928ba519237c"
            ],
            "version": "==1.3.4"
        },
        "certifi": {
            "hashes": [
                "sha256:84c85a9078b11105f04f3036a9482ae10e4621616db313fe045dd24743a0820d",
                "sha256:fe86415d55e84719d75f8b69414f6438ac3547d2078ab91b67e779ef69378412"
            ],
            "markers": "python_version >= '3.6'",
            "version": "==2022.6.15"
        },
        "cffi": {
            "hashes": [
                "sha256:00a9ed42e88df81ffae7a8ab6d9356b371399b91dbdf0c3cb1e84c03a13aceb5",
                "sha256:03425bdae262c76aad70202debd780501fabeaca237cdfddc008987c0e0f59ef",
                "sha256:04ed324bda3cda42b9b695d51bb7d54b680b9719cfab04227cdd1e04e5de3104",
                "sha256:0e2642fe3142e4cc4af0799748233ad6da94c62a8bec3a6648bf8ee68b1c7426",
                "sha256:173379135477dc8cac4bc58f45db08ab45d228b3363adb7af79436135d028405",
                "sha256:198caafb44239b60e252492445da556afafc7d1e3ab7a1fb3f0584ef6d742375",
                "sha256:1e74c6b51a9ed6589199c787bf5f9875612ca4a8a0785fb2d4a84429badaf22a",
                "sha256:2012c72d854c2d03e45d06ae57f40d78e5770d252f195b93f581acf3ba44496e",
                "sha256:21157295583fe8943475029ed5abdcf71eb3911894724e360acff1d61c1d54bc",
                "sha256:2470043b93ff09bf8fb1d46d1cb756ce6132c54826661a32d4e4d132e1977adf",
                "sha256:285d29981935eb726a4399badae8f0ffdff4f5050eaa6d0cfc3f64b857b77185",
                "sha256:30d78fbc8ebf9c92c9b7823ee18eb92f2e6ef79b45ac84db507f52fbe3ec4497",
                "sha256:320dab6e7cb2eacdf0e658569d2575c4dad258c0fcc794f46215e1e39f90f2c3",
                "sha256:33ab79603146aace82c2427da5ca6e58f2b3f2fb5da893ceac0c42218a40be35",
                "sha256:3548db281cd7d2561c9ad9984681c95f7b0e38881201e157833a2342c30d5e8c",
                "sha256:3799aecf2e17cf585d977b780ce79ff0dc9b78d799fc694221ce814c2c19db83",
                "sha256:39d39875251ca8f612b6f33e6b1195af86d1b3e60086068be9cc053aa4376e21",
                "sha256:3b926aa83d1edb5aa5b427b4053dc420ec295a08e40911296b9eb1b6170f6cca",
                "sha256:3bcde07039e586f91b45c88f8583ea7cf7a0770df3a1649627bf598332cb6984",
                "sha256:3d08afd128ddaa624a48cf2b859afef385b720bb4b43df214f85616922e6a5ac",
                "sha256:3eb6971dcff08619f8d91607cfc726518b6fa2a9eba42856be181c6d0d9515fd",
                "sha256:40f4774f5a9d4f5e344f31a32b5096977b5d48560c5592e2f3d2c4374bd543ee",
                "sha256:4289fc34b2f5316fbb762d75362931e351941fa95fa18789191b33fc4cf9504a",
                "sha256:470c103ae716238bbe698d67ad020e1db9d9dba34fa5a899b5e21577e6d52ed2",
                "sha256:4f2c9f67e9821cad2e5f480bc8d83b8742896f1242dba247911072d4fa94c192",
                "sha256:50a74364d85fd319352182ef59c5c790484a336f6db772c1a9231f1c3ed0cbd7",
                "sha256:54a2db7b78338edd780e7ef7f9f6c442500fb0d41a5a4ea24fff1c929d5af585",
                "sha256:5635bd9cb9731e6d4a1132a498dd34f764034a8ce60cef4f5319c0541159392f",
                "sha256:59c0b02d0a6c384d453fece7566d1c7e6b7bae4fc5874ef2ef46d56776d61c9e",
                "sha256:5d598b938678ebf3c67377cdd45e09d431369c3b1a5b331058c338e201f12b27",
                "sha256:5df2768244d19ab7f60546d0c7c63ce1581f7af8b5de3eb3004b9b6fc8a9f84b",
                "sha256:5ef34d190326c3b1f822a5b7a45f6c4535e2f47ed06fec77d3d799c450b2651e",
                "sha256:6975a3fac6bc83c4a65c9f9fcab9e47019a11d3d2cf7f3c0d03431bf145a941e",
                "sha256:6c9a799e985904922a4d207a94eae35c78ebae90e128f0c4e521ce339396be9d",
                "sha256:70df4e3b545a17496c9b3f41f5115e69a4f2e77e94e1d2a8e1070bc0c38c8a3c",
                "sha256:7473e861101c9e72452f9bf8acb984947aa1661a7704553a9f6e4baa5ba64415",
                "sha256:8102eaf27e1e448db915d08afa8b41d6c7ca7a04b7d73af6514df10a3e74bd82",
                "sha256:87c450779d0914f2861b8526e035c5e6da0a3199d8f1add1a665e1cbc6fc6d02",
                "sha256:8b7ee99e510d7b66cdb6c593f21c043c248537a32e0bedf02e01e9553a172314",
                "sha256:91fc98adde3d7881af9b59ed0294046f3806221863722ba7d8d120c575314325",
                "sha256:94411f22c3985acaec6f83c6df553f2dbe17b698cc7f8ae751ff2237d96b9e3c",
                "sha256:98d85c6a2bef81588d9227dde12db8a7f47f639f4a17c9ae08e773aa9c697bf3",
                "sha256:9ad5db27f9cabae298d151c85cf2bad1d359a1b9c686a275df03385758e2f914",
                "sha256:a0b71b1b8fbf2b96e41c4d990244165e2c9be83d54962a9a1d118fd8657d2045",
                "sha256:a0f100c8912c114ff53e1202d0078b425bee3649ae34d7b070e9697f93c5d52d",
                "sha256:a591fe9e525846e4d154205572a029f653ada1a78b93697f3b5a8f1f2bc055b9",
                "sha256:a5c84c68147988265e60416b57fc83425a78058853509c1b0629c180094904a5",
                "sha256:a66d3508133af6e8548451b25058d5812812ec3798c886bf38ed24a98216fab2",
                "sha256:a8c4917bd7ad33e8eb21e9a5bbba979b49d9a97acb3a803092cbc1133e20343c",
                "sha256:b3bbeb01c2b273cca1e1e0c5df57f12dce9a4dd331b4fa1635b8bec26350bde3",
                "sha256:cba9d6b9a7d64d4bd46167096fc9d2f835e25d7e4c121fb2ddfc6528fb0413b2",
                "sha256:cc4d65aeeaa04136a12677d3dd0b1c0c94dc43abac5860ab33cceb42b801c1e8",
                "sha256:ce4bcc037df4fc5e3d184794f27bdaab018943698f4ca31630bc7f84a7b69c6d",
                "sha256:cec7d9412a9102bdc577382c3929b337320c4c4c4849f2c5cdd14d7368c5562d",
                "sha256:d400bfb9a37b1351253cb402671cea7e89bdecc294e8016a707f6d1d8ac934f9",
                "sha256:d61f4695e6c866a23a21acab0509af1cdfd2c013cf256bbf5b6b5e2695827162",
                "sha256:db0fbb9c62743ce59a9ff687eb5f4afbe77e5e8403d6697f7446e5f609976f76",
                "sha256:dd86c085fae2efd48ac91dd7ccffcfc0571387fe1193d33b6394db7ef31fe2a4",
                "sha256:e00b098126fd45523dd056d2efba6c5a63b71ffe9f2bbe1a4fe1716e1d0c331e",
                "sha256:e229a521186c75c8ad9490854fd8bbdd9a0c9aa3a524326b55be83b54d4e0ad9",
                "sha256:e263d77ee3dd201c3a142934a086a4450861778baaeeb45db4591ef65550b0a6",
                "sha256:ed9cb427ba5504c1dc15ede7d516b84757c3e3d7868ccc85121d9310d27eed0b",
                "sha256:fa6693661a4c91757f4412306191b6dc88c1703f780c8234035eac011922bc01",
                "sha256:fcd131dd944808b5bdb38e6f5b53013c5aa4f334c5cad0c72742f6eba4b73db0"
            ],
            "version": "==1.15.1"
        },
        "charset-normalizer": {
            "hashes": [
                "sha256:5189b6f22b01957427f35b6a08d9a0bc45b46d3788ef5a92e978433c7a35f8a5",
                "sha256:575e708016ff3a5e3681541cb9d79312c416835686d054a23accb873b254f413"
            ],
            "markers": "python_version >= '3.6'",
            "version": "==2.1.0"
        },
        "click": {
            "hashes": [
                "sha256:7682dc8afb30297001674575ea00d1814d808d6a36af415a82bd481d37ba7b8e",
                "sha256:bb4d8133cb15a609f44e8213d9b391b0809795062913b383c62be0ee95b1db48"
            ],
            "markers": "python_version >= '3.7'",
            "version": "==8.1.3"
        },
        "codecov": {
            "hashes": [
                "sha256:38b32934e759a29313382287f59986f25613708f60760c88d31e956399bbeffe",
                "sha256:4cf93c30cc1ddb6d7414fce0a45816889499c3febc8bbbc24f1cd1936a804087"
            ],
            "index": "pypi",
            "version": "==2.0.16"
        },
        "colorama": {
            "hashes": [
                "sha256:854bf444933e37f5824ae7bfc1e98d5bce2ebe4160d46b5edf346a89358e99da",
                "sha256:e6c6b4334fc50988a639d9b98aa429a0b57da6e17b9a44f0451f930b6967b7a4"
            ],
            "markers": "python_version >= '2.7' and python_version not in '3.0, 3.1, 3.2, 3.3, 3.4'",
            "version": "==0.4.5"
        },
        "coverage": {
            "hashes": [
                "sha256:0895ea6e6f7f9939166cc835df8fa4599e2d9b759b02d1521b574e13b859ac32",
                "sha256:0f211df2cba951ffcae210ee00e54921ab42e2b64e0bf2c0befc977377fb09b7",
                "sha256:147605e1702d996279bb3cc3b164f408698850011210d133a2cb96a73a2f7996",
                "sha256:24b04d305ea172ccb21bee5bacd559383cba2c6fcdef85b7701cf2de4188aa55",
                "sha256:25b7ec944f114f70803d6529394b64f8749e93cbfac0fe6c5ea1b7e6c14e8a46",
                "sha256:2b20286c2b726f94e766e86a3fddb7b7e37af5d0c635bdfa7e4399bc523563de",
                "sha256:2dff52b3e7f76ada36f82124703f4953186d9029d00d6287f17c68a75e2e6039",
                "sha256:2f8553878a24b00d5ab04b7a92a2af50409247ca5c4b7a2bf4eabe94ed20d3ee",
                "sha256:3def6791adf580d66f025223078dc84c64696a26f174131059ce8e91452584e1",
                "sha256:422fa44070b42fef9fb8dabd5af03861708cdd6deb69463adc2130b7bf81332f",
                "sha256:4f89d8e03c8a3757aae65570d14033e8edf192ee9298303db15955cadcff0c63",
                "sha256:5336e0352c0b12c7e72727d50ff02557005f79a0b8dcad9219c7c4940a930083",
                "sha256:54d8d0e073a7f238f0666d3c7c0d37469b2aa43311e4024c925ee14f5d5a1cbe",
                "sha256:5ef42e1db047ca42827a85e34abe973971c635f83aed49611b7f3ab49d0130f0",
                "sha256:5f65e5d3ff2d895dab76b1faca4586b970a99b5d4b24e9aafffc0ce94a6022d6",
                "sha256:6c3ccfe89c36f3e5b9837b9ee507472310164f352c9fe332120b764c9d60adbe",
                "sha256:6d0b48aff8e9720bdec315d67723f0babd936a7211dc5df453ddf76f89c59933",
                "sha256:6fe75dcfcb889b6800f072f2af5a331342d63d0c1b3d2bf0f7b4f6c353e8c9c0",
                "sha256:79419370d6a637cb18553ecb25228893966bd7935a9120fa454e7076f13b627c",
                "sha256:7bb00521ab4f99fdce2d5c05a91bddc0280f0afaee0e0a00425e28e209d4af07",
                "sha256:80db4a47a199c4563d4a25919ff29c97c87569130375beca3483b41ad5f698e8",
                "sha256:866ebf42b4c5dbafd64455b0a1cd5aa7b4837a894809413b930026c91e18090b",
                "sha256:8af6c26ba8df6338e57bedbf916d76bdae6308e57fc8f14397f03b5da8622b4e",
                "sha256:a13772c19619118903d65a91f1d5fea84be494d12fd406d06c849b00d31bf120",
                "sha256:a697977157adc052284a7160569b36a8bbec09db3c3220642e6323b47cec090f",
                "sha256:a9032f9b7d38bdf882ac9f66ebde3afb8145f0d4c24b2e600bc4c6304aafb87e",
                "sha256:b5e28db9199dd3833cc8a07fa6cf429a01227b5d429facb56eccd765050c26cd",
                "sha256:c77943ef768276b61c96a3eb854eba55633c7a3fddf0a79f82805f232326d33f",
                "sha256:d230d333b0be8042ac34808ad722eabba30036232e7a6fb3e317c49f61c93386",
                "sha256:d4548be38a1c810d79e097a38107b6bf2ff42151900e47d49635be69943763d8",
                "sha256:d4e7ced84a11c10160c0697a6cc0b214a5d7ab21dfec1cd46e89fbf77cc66fae",
                "sha256:d56f105592188ce7a797b2bd94b4a8cb2e36d5d9b0d8a1d2060ff2a71e6b9bbc",
                "sha256:d714af0bdba67739598849c9f18efdcc5a0412f4993914a0ec5ce0f1e864d783",
                "sha256:d774d9e97007b018a651eadc1b3970ed20237395527e22cbeb743d8e73e0563d",
                "sha256:e0524adb49c716ca763dbc1d27bedce36b14f33e6b8af6dba56886476b42957c",
                "sha256:e2618cb2cf5a7cc8d698306e42ebcacd02fb7ef8cfc18485c59394152c70be97",
                "sha256:e36750fbbc422c1c46c9d13b937ab437138b998fe74a635ec88989afb57a3978",
                "sha256:edfdabe7aa4f97ed2b9dd5dde52d2bb29cb466993bb9d612ddd10d0085a683cf",
                "sha256:f22325010d8824594820d6ce84fa830838f581a7fd86a9235f0d2ed6deb61e29",
                "sha256:f23876b018dfa5d3e98e96f5644b109090f16a4acb22064e0f06933663005d39",
                "sha256:f7bd0ffbcd03dc39490a1f40b2669cc414fae0c4e16b77bb26806a4d0b7d1452"
            ],
            "markers": "python_version >= '3.7'",
            "version": "==6.4.2"
        },
        "cryptography": {
            "hashes": [
                "sha256:190f82f3e87033821828f60787cfa42bff98404483577b591429ed99bed39d59",
                "sha256:2be53f9f5505673eeda5f2736bea736c40f051a739bfae2f92d18aed1eb54596",
                "sha256:30788e070800fec9bbcf9faa71ea6d8068f5136f60029759fd8c3efec3c9dcb3",
                "sha256:3d41b965b3380f10e4611dbae366f6dc3cefc7c9ac4e8842a806b9672ae9add5",
                "sha256:4c590ec31550a724ef893c50f9a97a0c14e9c851c85621c5650d699a7b88f7ab",
                "sha256:549153378611c0cca1042f20fd9c5030d37a72f634c9326e225c9f666d472884",
                "sha256:63f9c17c0e2474ccbebc9302ce2f07b55b3b3fcb211ded18a42d5764f5c10a82",
                "sha256:6bc95ed67b6741b2607298f9ea4932ff157e570ef456ef7ff0ef4884a134cc4b",
                "sha256:7099a8d55cd49b737ffc99c17de504f2257e3787e02abe6d1a6d136574873441",
                "sha256:75976c217f10d48a8b5a8de3d70c454c249e4b91851f6838a4e48b8f41eb71aa",
                "sha256:7bc997818309f56c0038a33b8da5c0bfbb3f1f067f315f9abd6fc07ad359398d",
                "sha256:80f49023dd13ba35f7c34072fa17f604d2f19bf0989f292cedf7ab5770b87a0b",
                "sha256:91ce48d35f4e3d3f1d83e29ef4a9267246e6a3be51864a5b7d2247d5086fa99a",
                "sha256:a958c52505c8adf0d3822703078580d2c0456dd1d27fabfb6f76fe63d2971cd6",
                "sha256:b62439d7cd1222f3da897e9a9fe53bbf5c104fff4d60893ad1355d4c14a24157",
                "sha256:b7f8dd0d4c1f21759695c05a5ec8536c12f31611541f8904083f3dc582604280",
                "sha256:d204833f3c8a33bbe11eda63a54b1aad7aa7456ed769a982f21ec599ba5fa282",
                "sha256:e007f052ed10cc316df59bc90fbb7ff7950d7e2919c9757fd42a2b8ecf8a5f67",
                "sha256:f2dcb0b3b63afb6df7fd94ec6fbddac81b5492513f7b0436210d390c14d46ee8",
                "sha256:f721d1885ecae9078c3f6bbe8a88bc0786b6e749bf32ccec1ef2b18929a05046",
                "sha256:f7a6de3e98771e183645181b3627e2563dcde3ce94a9e42a3f427d2255190327",
                "sha256:f8c0a6e9e1dd3eb0414ba320f85da6b0dcbd543126e30fcc546e7372a7fbf3b9"
            ],
            "markers": "python_version >= '3.6'",
            "version": "==37.0.4"
        },
        "distlib": {
            "hashes": [
                "sha256:a7f75737c70be3b25e2bee06288cec4e4c221de18455b2dd037fe2a795cab2fe",
                "sha256:b710088c59f06338ca514800ad795a132da19fda270e3ce4affc74abf955a26c"
            ],
            "version": "==0.3.5"
        },
        "django": {
            "hashes": [
                "sha256:9bc7aa619ed878fedba62ce139abe663a147dccfd20e907725ec11e02a1ca225",
                "sha256:d58d8394036db75a81896037d757357e79406e8f68816c3e8a28721c1d9d4c11"
            ],
            "index": "pypi",
            "version": "==3.0.14"
        },
        "docopt": {
            "hashes": [
                "sha256:49b3a825280bd66b3aa83585ef59c4a8c82f2c8a522dbe754a8bc8d08c85c491"
            ],
            "version": "==0.6.2"
        },
        "docutils": {
            "hashes": [
                "sha256:33995a6753c30b7f577febfc2c50411fec6aac7f7ffeb7c4cfe5991072dcf9e6",
                "sha256:5e1de4d849fee02c63b040a4a3fd567f4ab104defd8a5511fbbc24a8a017efbc"
            ],
            "markers": "python_version >= '3.7'",
            "version": "==0.19"
        },
        "idna": {
            "hashes": [
                "sha256:84d9dd047ffa80596e0f246e2eab0b391788b0503584e8945f2368256d2735ff",
                "sha256:9d643ff0a55b762d5cdb124b8eaa99c66322e2157b69160bc32796e824360e6d"
            ],
            "markers": "python_version >= '3.5'",
            "version": "==3.3"
        },
        "isort": {
            "extras": [
                "pipfile"
            ],
            "hashes": [
                "sha256:18c796c2cd35eb1a1d3f012a214a542790a1aed95e29768bdcb9f2197eccbd0b",
                "sha256:96151fca2c6e736503981896495d344781b60d18bfda78dc11b290c6125ebdb6"
            ],
            "index": "pypi",
            "version": "==4.3.15"
        },
        "jeepney": {
            "hashes": [
                "sha256:5efe48d255973902f6badc3ce55e2aa6c5c3b3bc642059ef3a91247bcfcc5806",
                "sha256:c0a454ad016ca575060802ee4d590dd912e35c122fa04e70306de3d076cce755"
            ],
            "markers": "sys_platform == 'linux'",
            "version": "==0.8.0"
        },
        "jinja2": {
            "hashes": [
                "sha256:31351a702a408a9e7595a8fc6150fc3f43bb6bf7e319770cbc0db9df9437e852",
                "sha256:6088930bfe239f0e6710546ab9c19c9ef35e29792895fed6e6e31a023a182a61"
            ],
            "markers": "python_version >= '3.7'",
            "version": "==3.1.2"
        },
        "keyring": {
            "hashes": [
                "sha256:782e1cd1132e91bf459fcd243bcf25b326015c1ac0b198e4408f91fa6791062b",
                "sha256:e67fc91a7955785fd2efcbccdd72d7dacf136dbc381d27de305b2b660b3de886"
            ],
            "markers": "python_version >= '3.7'",
            "version": "==23.7.0"
        },
        "lxml": {
            "hashes": [
                "sha256:079f3ae844f38982d156efce585bc540c16a926d4436712cf4baee0cce487a3d",
                "sha256:0fbcf5565ac01dff87cbfc0ff323515c823081c5777a9fc7703ff58388c258c3",
                "sha256:122fba10466c7bd4178b07dba427aa516286b846b2cbd6f6169141917283aae2",
                "sha256:1b38116b6e628118dea5b2186ee6820ab138dbb1e24a13e478490c7db2f326ae",
                "sha256:1b7584d421d254ab86d4f0b13ec662a9014397678a7c4265a02a6d7c2b18a75f",
                "sha256:26e761ab5b07adf5f555ee82fb4bfc35bf93750499c6c7614bd64d12aaa67927",
                "sha256:289e9ca1a9287f08daaf796d96e06cb2bc2958891d7911ac7cae1c5f9e1e0ee3",
                "sha256:2a9d50e69aac3ebee695424f7dbd7b8c6d6eb7de2a2eb6b0f6c7db6aa41e02b7",
                "sha256:3082c518be8e97324390614dacd041bb1358c882d77108ca1957ba47738d9d59",
                "sha256:33bb934a044cf32157c12bfcfbb6649807da20aa92c062ef51903415c704704f",
                "sha256:3439c71103ef0e904ea0a1901611863e51f50b5cd5e8654a151740fde5e1cade",
                "sha256:36108c73739985979bf302006527cf8a20515ce444ba916281d1c43938b8bb96",
                "sha256:39b78571b3b30645ac77b95f7c69d1bffc4cf8c3b157c435a34da72e78c82468",
                "sha256:4289728b5e2000a4ad4ab8da6e1db2e093c63c08bdc0414799ee776a3f78da4b",
                "sha256:4bff24dfeea62f2e56f5bab929b4428ae6caba2d1eea0c2d6eb618e30a71e6d4",
                "sha256:4c61b3a0db43a1607d6264166b230438f85bfed02e8cff20c22e564d0faff354",
                "sha256:542d454665a3e277f76954418124d67516c5f88e51a900365ed54a9806122b83",
                "sha256:5a0a14e264069c03e46f926be0d8919f4105c1623d620e7ec0e612a2e9bf1c04",
                "sha256:5c8c163396cc0df3fd151b927e74f6e4acd67160d6c33304e805b84293351d16",
                "sha256:64812391546a18896adaa86c77c59a4998f33c24788cadc35789e55b727a37f4",
                "sha256:66e575c62792c3f9ca47cb8b6fab9e35bab91360c783d1606f758761810c9791",
                "sha256:6f12e1427285008fd32a6025e38e977d44d6382cf28e7201ed10d6c1698d2a9a",
                "sha256:74f7d8d439b18fa4c385f3f5dfd11144bb87c1da034a466c5b5577d23a1d9b51",
                "sha256:7610b8c31688f0b1be0ef882889817939490a36d0ee880ea562a4e1399c447a1",
                "sha256:76fa7b1362d19f8fbd3e75fe2fb7c79359b0af8747e6f7141c338f0bee2f871a",
                "sha256:7728e05c35412ba36d3e9795ae8995e3c86958179c9770e65558ec3fdfd3724f",
                "sha256:8157dadbb09a34a6bd95a50690595e1fa0af1a99445e2744110e3dca7831c4ee",
                "sha256:820628b7b3135403540202e60551e741f9b6d3304371712521be939470b454ec",
                "sha256:884ab9b29feaca361f7f88d811b1eea9bfca36cf3da27768d28ad45c3ee6f969",
                "sha256:89b8b22a5ff72d89d48d0e62abb14340d9e99fd637d046c27b8b257a01ffbe28",
                "sha256:92e821e43ad382332eade6812e298dc9701c75fe289f2a2d39c7960b43d1e92a",
                "sha256:b007cbb845b28db4fb8b6a5cdcbf65bacb16a8bd328b53cbc0698688a68e1caa",
                "sha256:bc4313cbeb0e7a416a488d72f9680fffffc645f8a838bd2193809881c67dd106",
                "sha256:bccbfc27563652de7dc9bdc595cb25e90b59c5f8e23e806ed0fd623755b6565d",
                "sha256:c1a40c06fd5ba37ad39caa0b3144eb3772e813b5fb5b084198a985431c2f1e8d",
                "sha256:c47ff7e0a36d4efac9fd692cfa33fbd0636674c102e9e8d9b26e1b93a94e7617",
                "sha256:c4f05c5a7c49d2fb70223d0d5bcfbe474cf928310ac9fa6a7c6dddc831d0b1d4",
                "sha256:cdaf11d2bd275bf391b5308f86731e5194a21af45fbaaaf1d9e8147b9160ea92",
                "sha256:ce256aaa50f6cc9a649c51be3cd4ff142d67295bfc4f490c9134d0f9f6d58ef0",
                "sha256:d2e35d7bf1c1ac8c538f88d26b396e73dd81440d59c1ef8522e1ea77b345ede4",
                "sha256:d916d31fd85b2f78c76400d625076d9124de3e4bda8b016d25a050cc7d603f24",
                "sha256:df7c53783a46febb0e70f6b05df2ba104610f2fb0d27023409734a3ecbb78fb2",
                "sha256:e1cbd3f19a61e27e011e02f9600837b921ac661f0c40560eefb366e4e4fb275e",
                "sha256:efac139c3f0bf4f0939f9375af4b02c5ad83a622de52d6dfa8e438e8e01d0eb0",
                "sha256:efd7a09678fd8b53117f6bae4fa3825e0a22b03ef0a932e070c0bdbb3a35e654",
                "sha256:f2380a6376dfa090227b663f9678150ef27543483055cc327555fb592c5967e2",
                "sha256:f8380c03e45cf09f8557bdaa41e1fa7c81f3ae22828e1db470ab2a6c96d8bc23",
                "sha256:f90ba11136bfdd25cae3951af8da2e95121c9b9b93727b1b896e3fa105b2f586"
            ],
            "index": "pypi",
            "version": "==4.6.3"
        },
        "markupsafe": {
            "hashes": [
                "sha256:0212a68688482dc52b2d45013df70d169f542b7394fc744c02a57374a4207003",
                "sha256:089cf3dbf0cd6c100f02945abeb18484bd1ee57a079aefd52cffd17fba910b88",
                "sha256:10c1bfff05d95783da83491be968e8fe789263689c02724e0c691933c52994f5",
                "sha256:33b74d289bd2f5e527beadcaa3f401e0df0a89927c1559c8566c066fa4248ab7",
                "sha256:3799351e2336dc91ea70b034983ee71cf2f9533cdff7c14c90ea126bfd95d65a",
                "sha256:3ce11ee3f23f79dbd06fb3d63e2f6af7b12db1d46932fe7bd8afa259a5996603",
                "sha256:421be9fbf0ffe9ffd7a378aafebbf6f4602d564d34be190fc19a193232fd12b1",
                "sha256:43093fb83d8343aac0b1baa75516da6092f58f41200907ef92448ecab8825135",
                "sha256:46d00d6cfecdde84d40e572d63735ef81423ad31184100411e6e3388d405e247",
                "sha256:4a33dea2b688b3190ee12bd7cfa29d39c9ed176bda40bfa11099a3ce5d3a7ac6",
                "sha256:4b9fe39a2ccc108a4accc2676e77da025ce383c108593d65cc909add5c3bd601",
                "sha256:56442863ed2b06d19c37f94d999035e15ee982988920e12a5b4ba29b62ad1f77",
                "sha256:671cd1187ed5e62818414afe79ed29da836dde67166a9fac6d435873c44fdd02",
                "sha256:694deca8d702d5db21ec83983ce0bb4b26a578e71fbdbd4fdcd387daa90e4d5e",
                "sha256:6a074d34ee7a5ce3effbc526b7083ec9731bb3cbf921bbe1d3005d4d2bdb3a63",
                "sha256:6d0072fea50feec76a4c418096652f2c3238eaa014b2f94aeb1d56a66b41403f",
                "sha256:6fbf47b5d3728c6aea2abb0589b5d30459e369baa772e0f37a0320185e87c980",
                "sha256:7f91197cc9e48f989d12e4e6fbc46495c446636dfc81b9ccf50bb0ec74b91d4b",
                "sha256:86b1f75c4e7c2ac2ccdaec2b9022845dbb81880ca318bb7a0a01fbf7813e3812",
                "sha256:8dc1c72a69aa7e082593c4a203dcf94ddb74bb5c8a731e4e1eb68d031e8498ff",
                "sha256:8e3dcf21f367459434c18e71b2a9532d96547aef8a871872a5bd69a715c15f96",
                "sha256:8e576a51ad59e4bfaac456023a78f6b5e6e7651dcd383bcc3e18d06f9b55d6d1",
                "sha256:96e37a3dc86e80bf81758c152fe66dbf60ed5eca3d26305edf01892257049925",
                "sha256:97a68e6ada378df82bc9f16b800ab77cbf4b2fada0081794318520138c088e4a",
                "sha256:99a2a507ed3ac881b975a2976d59f38c19386d128e7a9a18b7df6fff1fd4c1d6",
                "sha256:a49907dd8420c5685cfa064a1335b6754b74541bbb3706c259c02ed65b644b3e",
                "sha256:b09bf97215625a311f669476f44b8b318b075847b49316d3e28c08e41a7a573f",
                "sha256:b7bd98b796e2b6553da7225aeb61f447f80a1ca64f41d83612e6139ca5213aa4",
                "sha256:b87db4360013327109564f0e591bd2a3b318547bcef31b468a92ee504d07ae4f",
                "sha256:bcb3ed405ed3222f9904899563d6fc492ff75cce56cba05e32eff40e6acbeaa3",
                "sha256:d4306c36ca495956b6d568d276ac11fdd9c30a36f1b6eb928070dc5360b22e1c",
                "sha256:d5ee4f386140395a2c818d149221149c54849dfcfcb9f1debfe07a8b8bd63f9a",
                "sha256:dda30ba7e87fbbb7eab1ec9f58678558fd9a6b8b853530e176eabd064da81417",
                "sha256:e04e26803c9c3851c931eac40c695602c6295b8d432cbe78609649ad9bd2da8a",
                "sha256:e1c0b87e09fa55a220f058d1d49d3fb8df88fbfab58558f1198e08c1e1de842a",
                "sha256:e72591e9ecd94d7feb70c1cbd7be7b3ebea3f548870aa91e2732960fa4d57a37",
                "sha256:e8c843bbcda3a2f1e3c2ab25913c80a3c5376cd00c6e8c4a86a89a28c8dc5452",
                "sha256:efc1913fd2ca4f334418481c7e595c00aad186563bbc1ec76067848c7ca0a933",
                "sha256:f121a1420d4e173a5d96e47e9a0c0dcff965afdf1626d28de1460815f7c4ee7a",
                "sha256:fc7b548b17d238737688817ab67deebb30e8073c95749d55538ed473130ec0c7"
            ],
            "markers": "python_version >= '3.7'",
            "version": "==2.1.1"
        },
        "more-itertools": {
            "hashes": [
                "sha256:a42901a0a5b169d925f6f217cd5a190e32ef54360905b9c39ee7db5313bfec0f",
                "sha256:c5122bffc5f104d37c1626b8615b511f3427aa5389b94d61e5ef8236bfbc3ddb"
            ],
            "markers": "python_version >= '3.5'",
            "version": "==8.13.0"
        },
        "mypy": {
            "hashes": [
                "sha256:00b95bfdc0d5b9aa53c906e56fb91937743f2121d66684db5f947ec5d75f565d",
                "sha256:6704586b4c2bf7dfa5e87a422be9ca57db622bab65008245759f3d4baeb219dd"
            ],
            "index": "pypi",
            "version": "==0.630"
        },
        "mypy-extensions": {
            "hashes": [
                "sha256:090fedd75945a69ae91ce1303b5824f428daf5a028d2f6ab8a299250a846f15d",
                "sha256:2d82818f5bb3e369420cb3c4060a7970edba416647068eb4c5343488a6c604a8"
            ],
            "version": "==0.4.3"
        },
        "orderedmultidict": {
            "hashes": [
                "sha256:04070bbb5e87291cc9bfa51df413677faf2141c73c61d2a5f7b26bea3cd882ad",
                "sha256:43c839a17ee3cdd62234c47deca1a8508a3f2ca1d0678a3bf791c87cf84adbf3"
            ],
            "version": "==1.0.1"
        },
        "packaging": {
            "hashes": [
                "sha256:dd47c42927d89ab911e606518907cc2d3a1f38bbd026385970643f9c5b8ecfeb",
                "sha256:ef103e05f519cdc783ae24ea4e2e0f508a9c99b2d4969652eed6a2e1ea5bd522"
            ],
            "markers": "python_version >= '3.6'",
            "version": "==21.3"
        },
        "pep517": {
            "hashes": [
                "sha256:931378d93d11b298cf511dd634cf5ea4cb249a28ef84160b3247ee9afb4e8ab0",
                "sha256:dd884c326898e2c6e11f9e0b64940606a93eb10ea022a2e067959f3a110cf161"
            ],
            "version": "==0.12.0"
        },
        "pip": {
            "hashes": [
                "sha256:6d55b27e10f506312894a87ccc59f280136bad9061719fac9101bdad5a6bce69",
                "sha256:a3edacb89022ef5258bf61852728bf866632a394da837ca49eb4303635835f17"
            ],
            "markers": "python_version >= '3.7'",
            "version": "==22.1.2"
        },
        "pip-shims": {
            "hashes": [
                "sha256:089e3586a92b1b8dbbc16b2d2859331dc1c412d3e3dbcd91d80e6b30d73db96c",
                "sha256:2ae9f21c0155ca5c37d2734eb5f9a7d98c4c42a122d1ba3eddbacc9d9ea9fbae"
            ],
            "markers": "python_version >= '3.6'",
            "version": "==0.7.3"
        },
        "pipreqs": {
            "hashes": [
                "sha256:1510a91ae73ef6a8e2f24ffc8751132251cd61a01296d61538f37d1491841640",
                "sha256:c793b4e147ac437871b3a962c5ce467e129c859ece5ba79aca83c20f4d9c3aef"
            ],
            "version": "==0.4.11"
        },
        "pkginfo": {
            "hashes": [
                "sha256:848865108ec99d4901b2f7e84058b6e7660aae8ae10164e015a6dcf5b242a594",
                "sha256:a84da4318dd86f870a9447a8c98340aa06216bfc6f2b7bdc4b8766984ae1867c"
            ],
            "markers": "python_version >= '2.7' and python_version not in '3.0, 3.1, 3.2, 3.3, 3.4, 3.5'",
            "version": "==1.8.3"
        },
        "platformdirs": {
            "hashes": [
                "sha256:027d8e83a2d7de06bbac4e5ef7e023c02b863d7ea5d079477e722bb41ab25788",
                "sha256:58c8abb07dcb441e6ee4b11d8df0ac856038f944ab98b7be6b27b2a3c7feef19"
            ],
            "markers": "python_version >= '3.7'",
            "version": "==2.5.2"
        },
        "plette": {
            "extras": [
                "validation"
            ],
            "hashes": [
                "sha256:46402c03e36d6eadddad2a5125990e322dd74f98160c8f2dcd832b2291858a26",
                "sha256:d6c9b96981b347bddd333910b753b6091a2c1eb2ef85bb373b4a67c9d91dca16"
            ],
            "markers": "python_version >= '2.6' and python_version not in '3.0, 3.1, 3.2, 3.3'",
            "version": "==0.2.3"
        },
        "pluggy": {
            "hashes": [
                "sha256:15b2acde666561e1298d71b523007ed7364de07029219b604cf808bfa1c765b0",
                "sha256:966c145cd83c96502c3c3868f50408687b38434af77734af1e9ca461a4081d2d"
            ],
            "markers": "python_version >= '2.7' and python_version not in '3.0, 3.1, 3.2, 3.3'",
            "version": "==0.13.1"
        },
        "py": {
            "hashes": [
                "sha256:51c75c4126074b472f746a24399ad32f6053d1b34b68d2fa41e558e6f4a98719",
                "sha256:607c53218732647dff4acdfcd50cb62615cedf612e72d1724fb1a0cc6405b378"
            ],
            "markers": "python_version >= '2.7' and python_version not in '3.0, 3.1, 3.2, 3.3, 3.4'",
            "version": "==1.11.0"
        },
        "pycparser": {
            "hashes": [
                "sha256:8ee45429555515e1f6b185e78100aea234072576aa43ab53aefcae078162fca9",
                "sha256:e644fdec12f7872f86c58ff790da456218b10f863970249516d60a5eaca77206"
            ],
            "version": "==2.21"
        },
        "pygments": {
            "hashes": [
                "sha256:5eb116118f9612ff1ee89ac96437bb6b49e8f04d8a13b514ba26f620208e26eb",
                "sha256:dc9c10fb40944260f6ed4c688ece0cd2048414940f1cea51b8b226318411c519"
            ],
            "markers": "python_version >= '3.6'",
            "version": "==2.12.0"
        },
        "pyparsing": {
            "hashes": [
                "sha256:c203ec8783bf771a155b207279b9bccb8dea02d8f0c9e5f8ead507bc3246ecc1",
                "sha256:ef9d7589ef3c200abe66653d3f1ab1033c3c419ae9b9bdb1240a85b024efc88b"
            ],
            "markers": "python_version >= '2.6' and python_version not in '3.0, 3.1, 3.2, 3.3'",
            "version": "==2.4.7"
        },
        "pytest": {
            "hashes": [
                "sha256:7e4800063ccfc306a53c461442526c5571e1462f61583506ce97e4da6a1d88c8",
                "sha256:ca563435f4941d0cb34767301c27bc65c510cb82e90b9ecf9cb52dc2c63caaa0"
            ],
            "index": "pypi",
            "version": "==5.2.1"
        },
        "pytest-cov": {
            "hashes": [
                "sha256:cc6742d8bac45070217169f5f72ceee1e0e55b0221f54bcf24845972d3a47f2b",
                "sha256:cdbdef4f870408ebdbfeb44e63e07eb18bb4619fae852f6e760645fa36172626"
            ],
            "index": "pypi",
            "version": "==2.8.1"
        },
        "pytest-django": {
            "hashes": [
                "sha256:456fa6854d04ee625d6bbb8b38ca2259e7040a6f93333bfe8bc8159b7e987203",
                "sha256:489b904f695f9fb880ce591cf5a4979880afb467763b1f180c07574554bdfd26"
            ],
            "index": "pypi",
            "version": "==3.8.0"
        },
        "pytest-django-queries": {
            "hashes": [
                "sha256:16f4dffa5a4c95bb2e10e6f4289796503578bc46ea69a81b2f4ed8376f7c75b5"
            ],
            "index": "pypi",
            "version": "==1.1.0"
        },
        "python-dateutil": {
            "hashes": [
                "sha256:0123cacc1627ae19ddf3c27a5de5bd67ee4586fbdd6440d9748f8abb483d3e86",
                "sha256:961d03dc3453ebbc59dbdea9e4e11c5651520a876d0f4db161e8674aae935da9"
            ],
            "markers": "python_version >= '2.7' and python_version not in '3.0, 3.1, 3.2, 3.3'",
            "version": "==2.8.2"
        },
        "readme-renderer": {
            "hashes": [
                "sha256:73b84905d091c31f36e50b4ae05ae2acead661f6a09a9abb4df7d2ddcdb6a698",
                "sha256:a727999acfc222fc21d82a12ed48c957c4989785e5865807c65a487d21677497"
            ],
            "markers": "python_version >= '3.7'",
            "version": "==35.0"
        },
        "requests": {
            "hashes": [
                "sha256:7c5599b102feddaa661c826c56ab4fee28bfd17f5abca1ebbe3e7f19d7c97983",
                "sha256:8fefa2a1a1365bf5520aac41836fbee479da67864514bdb821f31ce07ce65349"
            ],
            "markers": "python_version >= '3.7' and python_version < '4'",
            "version": "==2.28.1"
        },
        "requests-toolbelt": {
            "hashes": [
                "sha256:380606e1d10dc85c3bd47bf5a6095f815ec007be7a8b69c878507068df059e6f",
                "sha256:968089d4584ad4ad7c171454f0a5c6dac23971e9472521ea3b6d49d610aa6fc0"
            ],
            "version": "==0.9.1"
        },
        "requirementslib": {
            "hashes": [
                "sha256:a3068fc088f68370453462e622db8b298d126870256672534602f886a9dd095c",
                "sha256:a8d9d63462ebee481c4117564043fa643877f821979b9e707f4cc4a273793425"
            ],
            "version": "==1.6.7"
        },
        "secretstorage": {
            "hashes": [
                "sha256:0a8eb9645b320881c222e827c26f4cfcf55363e8b374a021981ef886657a912f",
                "sha256:755dc845b6ad76dcbcbc07ea3da75ae54bb1ea529eb72d15f83d26499a5df319"
            ],
            "markers": "sys_platform == 'linux'",
            "version": "==3.3.2"
        },
        "setuptools": {
            "hashes": [
                "sha256:0d33c374d41c7863419fc8f6c10bfe25b7b498aa34164d135c622e52580c6b16",
                "sha256:c04b44a57a6265fe34a4a444e965884716d34bae963119a76353434d6f18e450"
            ],
            "markers": "python_version >= '3.7'",
            "version": "==63.2.0"
        },
        "six": {
            "hashes": [
                "sha256:1e61c37477a1626458e36f7b1d82aa5c9b094fa4802892072e49de9c60c4c926",
                "sha256:8abb2f1d86890a2dfb989f9a77cfcfd3e47c2a354b01111771326f8aa26e0254"
            ],
            "markers": "python_version >= '2.7' and python_version not in '3.0, 3.1, 3.2, 3.3'",
            "version": "==1.16.0"
        },
        "sqlparse": {
            "hashes": [
                "sha256:0c00730c74263a94e5a9919ade150dfc3b19c574389985446148402998287dae",
                "sha256:48719e356bb8b42991bdbb1e8b83223757b93789c00910a616a071910ca4a64d"
            ],
            "markers": "python_version >= '3.5'",
            "version": "==0.4.2"
        },
        "toml": {
            "hashes": [
                "sha256:806143ae5bfb6a3c6e736a764057db0e6a0e05e338b5630894a5f779cabb4f9b",
                "sha256:b3bda1d108d5dd99f4a20d24d9c348e91c4db7ab1b749200bded2f839ccbe68f"
            ],
            "markers": "python_version >= '2.6' and python_version not in '3.0, 3.1, 3.2, 3.3'",
            "version": "==0.10.2"
        },
        "tomli": {
            "hashes": [
                "sha256:939de3e7a6161af0c887ef91b7d41a53e7c5a1ca976325f429cb46ea9bc30ecc",
                "sha256:de526c12914f0c550d15924c62d72abc48d6fe7364aa87328337a31007fe8a4f"
            ],
            "markers": "python_version >= '3.6'",
            "version": "==2.0.1"
        },
        "tomlkit": {
            "hashes": [
                "sha256:1c5bebdf19d5051e2e1de6cf70adfc5948d47221f097fcff7a3ffc91e953eaf5",
                "sha256:61901f81ff4017951119cd0d1ed9b7af31c821d6845c8c477587bbdcd5e5854e"
            ],
            "markers": "python_version >= '3.6' and python_version < '4'",
            "version": "==0.11.1"
        },
        "tqdm": {
            "hashes": [
                "sha256:40be55d30e200777a307a7585aee69e4eabb46b4ec6a4b4a5f2d9f11e7d5408d",
                "sha256:74a2cdefe14d11442cedf3ba4e21a3b84ff9a2dbdc6cfae2c34addb2a14a5ea6"
            ],
            "markers": "python_version >= '2.7' and python_version not in '3.0, 3.1, 3.2, 3.3'",
            "version": "==4.64.0"
        },
        "twine": {
            "hashes": [
                "sha256:c1af8ca391e43b0a06bbc155f7f67db0bf0d19d284bfc88d1675da497a946124",
                "sha256:d561a5e511f70275e5a485a6275ff61851c16ffcb3a95a602189161112d9f160"
            ],
            "index": "pypi",
            "version": "==3.1.1"
        },
        "typed-ast": {
            "hashes": [
                "sha256:0cf0c406af2a6472a02254fe1ced40cb81a7c1215b7ceba88a3bb9c3a864f851",
                "sha256:1b784cd3c6778cd7b99afb41ddcaa1eb5b35a399210db7fcf24ed082670e0070",
                "sha256:2d7a322c1df6cccff2381c0475c1ebf82d3e9a331e48ed4ea89bbc72a8dedca6",
                "sha256:4304399ff89452871348f6fb7a7112454cd508fbe3eb49b5ed711cce9b99fe9e",
                "sha256:4658aebc30c0af80e63b579e917c04b592bdf10ef40da381b2fd179075b5d1b6",
                "sha256:471a7f12e55ad22f7a4bb2c3e62e39e3ab78008b24c61c48c9042e63b7359bb9",
                "sha256:57cb23412dac214383c6b6f0f7b0aec2d0c001a936af20f0b53542bbe4ba08a7",
                "sha256:5eb14e6b3aa5ff5d7e964b978a718227b5576b3965f1dd71dd055f71054233a5",
                "sha256:8219b6147af4d609096b6db2c797281e19fd3f7232ef35932bc74a812ff417a0",
                "sha256:8a7e9635cf0aaca04b2a4d4b3501c0dbc5c49a140b2e55b00e218d41ed2a69c8",
                "sha256:935157ada4aa115d61c59e759e43c5862b04d19ffe6fe5c9d735716587535cb7",
                "sha256:9525f4cbe3eb7b9e19a87c765ca9bbc1147ce18f75059e15138eb7fc59ce02e3",
                "sha256:99c140583eef6b50f3de4af44718a4fc63108671b29c468b5ff83ed383facf6d",
                "sha256:9e358ce6d4c43a90c15b99b76261adc852998680628c780f26fd64bc21adb9fa",
                "sha256:aaf63a024b54d2788cff3400de79009ee8a23594b581d4f33d90b7c67f8c05bd",
                "sha256:c3313b3fa1b6b722866eda370c14fd8f4962b6bcd1f6d43f42d6818a8b29d998",
                "sha256:c9342947e5f3480473d836754d69965a12ac2237d99ae85d1e3fdd1c1722669f",
                "sha256:cb1c7e5b3195103f5a784db7969fc55463cfae9b354e3b97cc219d32293d5e65",
                "sha256:d2d2cce74165cae2663167c921e331fb0eecfff2e93254dfdb16beb99716e519",
                "sha256:d6fc3b9fbf67d556223aa5493501022e1d585b9a1892fa87ba1257627763c461",
                "sha256:fa4eafaa57074958f065c2a6222d8f11162739f8c9db125472a1f04794a0b91d"
            ],
            "version": "==1.1.2"
        },
        "urllib3": {
            "hashes": [
                "sha256:8298d6d56d39be0e3bc13c1c97d133f9b45d797169a0e11cdd0e0489d786f7ec",
                "sha256:879ba4d1e89654d9769ce13121e0f94310ea32e8d2f8cf587b77c08bbcdb30d6"
            ],
            "markers": "python_version >= '2.7' and python_version not in '3.0, 3.1, 3.2, 3.3, 3.4, 3.5' and python_version < '4'",
            "version": "==1.26.10"
        },
        "vistir": {
            "hashes": [
                "sha256:a37079cdbd85d31a41cdd18457fe521e15ec08b255811e81aa061fd5f48a20fb",
                "sha256:eff1d19ef50c703a329ed294e5ec0b0fbb35b96c1b3ee6dcdb266dddbe1e935a"
            ],
            "markers": "python_version >= '2.7' and python_version not in '3.0, 3.1, 3.2, 3.3'",
            "version": "==0.5.2"
        },
        "wcwidth": {
            "hashes": [
                "sha256:beb4802a9cebb9144e99086eff703a642a13d6a0052920003a230f3294bbe784",
                "sha256:c4d647b99872929fdb7bdcaa4fbe7f01413ed3d98077df798530e5b04f116c83"
            ],
            "version": "==0.2.5"
        },
        "webencodings": {
            "hashes": [
                "sha256:a0af1213f3c2226497a97e2b3aa01a7e4bee4f403f95be16fc9acd2947514a78",
                "sha256:b36a1c245f2d304965eb4e0a82848379241dc04b865afcc4aab16748587e1923"
            ],
            "version": "==0.5.1"
        },
        "wheel": {
            "hashes": [
                "sha256:4bdcd7d840138086126cd09254dc6195fb4fc6f01c050a1d7236f2630db1d22a",
                "sha256:e9a504e793efbca1b8e0e9cb979a249cf4a0a7b5b8c9e8b65a5e39d49529c1c4"
            ],
            "markers": "python_version >= '2.7' and python_version not in '3.0, 3.1, 3.2, 3.3, 3.4'",
            "version": "==0.37.1"
        },
        "yarg": {
            "hashes": [
                "sha256:4f9cebdc00fac946c9bf2783d634e538a71c7d280a4d806d45fd4dc0ef441492",
                "sha256:55695bf4d1e3e7f756496c36a69ba32c40d18f821e38f61d028f6049e5e15911"
            ],
            "version": "==0.1.9"
        }
    }
}
