{
    "_meta": {
        "hash": {
            "sha256": "26315270e31eadfe2f378e3a181f954748728235d84dc39dde186e522152fadb"
        },
        "pipfile-spec": 6,
        "requires": {
            "python_version": "3"
        },
        "sources": [
            {
                "name": "pypi",
                "url": "https://pypi.org/simple",
                "verify_ssl": true
            }
        ]
    },
    "default": {
        "asgiref": {
            "hashes": [
                "sha256:3e4192eaec0758b99722f0b0666d5fbfaa713054d92e8de5b58ba84ec5ce696f",
                "sha256:c8f49dd3b42edcc51d09dd2eea8a92b3cfc987ff7e6486be734b4d0cbfd5d315"
            ],
            "version": "==3.2.5"
        },
        "django": {
            "hashes": [
                "sha256:50b781f6cbeb98f673aa76ed8e572a019a45e52bdd4ad09001072dfd91ab07c8",
                "sha256:89e451bfbb815280b137e33e454ddd56481fdaa6334054e6e031041ee1eda360"
            ],
            "index": "pypi",
            "version": "==3.0.4"
        },
        "psycopg2": {
            "hashes": [
                "sha256:4212ca404c4445dc5746c0d68db27d2cbfb87b523fe233dc84ecd24062e35677",
                "sha256:47fc642bf6f427805daf52d6e52619fe0637648fe27017062d898f3bf891419d",
                "sha256:72772181d9bad1fa349792a1e7384dde56742c14af2b9986013eb94a240f005b",
                "sha256:8396be6e5ff844282d4d49b81631772f80dabae5658d432202faf101f5283b7c",
                "sha256:893c11064b347b24ecdd277a094413e1954f8a4e8cdaf7ffbe7ca3db87c103f0",
                "sha256:92a07dfd4d7c325dd177548c4134052d4842222833576c8391aab6f74038fc3f",
                "sha256:965c4c93e33e6984d8031f74e51227bd755376a9df6993774fd5b6fb3288b1f4",
                "sha256:9ab75e0b2820880ae24b7136c4d230383e07db014456a476d096591172569c38",
                "sha256:b0845e3bdd4aa18dc2f9b6fb78fbd3d9d371ad167fd6d1b7ad01c0a6cdad4fc6",
                "sha256:dca2d7203f0dfce8ea4b3efd668f8ea65cd2b35112638e488a4c12594015f67b",
                "sha256:ed686e5926929887e2c7ae0a700e32c6129abb798b4ad2b846e933de21508151",
                "sha256:ef6df7e14698e79c59c7ee7cf94cd62e5b869db369ed4b1b8f7b729ea825712a",
                "sha256:f898e5cc0a662a9e12bde6f931263a1bbd350cfb18e1d5336a12927851825bb6"
            ],
            "index": "pypi",
            "version": "==2.8.4"
        },
        "pytz": {
            "hashes": [
                "sha256:1c557d7d0e871de1f5ccd5833f60fb2550652da6be2693c1e02300743d21500d",
                "sha256:b02c06db6cf09c12dd25137e563b31700d3b80fcc4ad23abb7a315f2789819be"
            ],
            "version": "==2019.3"
        },
        "sqlparse": {
            "hashes": [
                "sha256:022fb9c87b524d1f7862b3037e541f68597a730a8843245c349fc93e1643dc4e",
                "sha256:e162203737712307dfe78860cc56c8da8a852ab2ee33750e33aeadf38d12c548"
            ],
            "version": "==0.3.1"
        }
    },
    "develop": {
        "appdirs": {
            "hashes": [
                "sha256:9e5896d1372858f8dd3344faf4e5014d21849c756c8d5701f78f8a103b372d92",
                "sha256:d8b24664561d0d34ddfaec54636d502d7cea6e29c3eaf68f3df6180863e2166e"
            ],
            "version": "==1.4.3"
        },
        "asgiref": {
            "hashes": [
                "sha256:3e4192eaec0758b99722f0b0666d5fbfaa713054d92e8de5b58ba84ec5ce696f",
                "sha256:c8f49dd3b42edcc51d09dd2eea8a92b3cfc987ff7e6486be734b4d0cbfd5d315"
            ],
            "version": "==3.2.5"
        },
        "atomicwrites": {
            "hashes": [
                "sha256:03472c30eb2c5d1ba9227e4c2ca66ab8287fbfbbda3888aa93dc2e28fc6811b4",
                "sha256:75a9445bac02d8d058d5e1fe689654ba5a6556a1dfd8ce6ec55a0ed79866cfa6"
            ],
            "version": "==1.3.0"
        },
        "attrs": {
            "hashes": [
                "sha256:08a96c641c3a74e44eb59afb61a24f2cb9f4d7188748e76ba4bb5edfa3cb7d1c",
                "sha256:f7b7ce16570fe9965acd6d30101a28f62fb4a7f9e926b3bbc9b61f8b04247e72"
            ],
            "version": "==19.3.0"
        },
        "beautifultable": {
            "hashes": [
                "sha256:8deee768c7939578412f930c95c2ac51307fb723a6368e9e233091cdad240537",
                "sha256:f1185c5bbb2d522a9c7dfe24cc55151f32379031d001c9731a2b55714b927089"
            ],
            "version": "==0.7.0"
        },
        "black": {
            "hashes": [
                "sha256:817243426042db1d36617910df579a54f1afd659adb96fc5032fcf4b36209739",
                "sha256:e030a9a28f542debc08acceb273f228ac422798e5215ba2a791a6ddeaaca22a5"
            ],
            "index": "pypi",
            "version": "==18.9b0"
        },
        "bleach": {
            "hashes": [
                "sha256:53165a6596e7899c4338d847315fec508110a53bd6fd15c127c2e0d0860264e3",
                "sha256:f8dfd8a7e26443e986c4e44df31870da8e906ea61096af06ba5d5cc2d519842a"
            ],
            "version": "==3.1.3"
        },
        "bumpversion": {
            "hashes": [
                "sha256:6744c873dd7aafc24453d8b6a1a0d6d109faf63cd0cd19cb78fd46e74932c77e",
                "sha256:6753d9ff3552013e2130f7bc03c1007e24473b4835952679653fb132367bdd57"
            ],
            "index": "pypi",
            "version": "==0.5.3"
        },
        "cached-property": {
            "hashes": [
                "sha256:3a026f1a54135677e7da5ce819b0c690f156f37976f3e30c5430740725203d7f",
                "sha256:9217a59f14a5682da7c4b8829deadbfc194ac22e9908ccf7c8820234e80a1504"
            ],
            "version": "==1.5.1"
        },
        "cerberus": {
            "hashes": [
                "sha256:302e6694f206dd85cb63f13fd5025b31ab6d38c99c50c6d769f8fa0b0f299589"
            ],
            "version": "==1.3.2"
        },
        "certifi": {
            "hashes": [
                "sha256:017c25db2a153ce562900032d5bc68e9f191e44e9a0f762f373977de9df1fbb3",
                "sha256:25b64c7da4cd7479594d035c08c2d809eb4aab3a26e5a990ea98cc450c320f1f"
            ],
            "version": "==2019.11.28"
        },
        "chardet": {
            "hashes": [
                "sha256:84ab92ed1c4d4f16916e05906b6b75a6c0fb5db821cc65e70cbd64a3e2a5eaae",
                "sha256:fc323ffcaeaed0e0a02bf4d117757b98aed530d9ed4531e3e15460124c106691"
            ],
            "version": "==3.0.4"
        },
        "click": {
            "hashes": [
                "sha256:8a18b4ea89d8820c5d0c7da8a64b2c324b4dabb695804dbfea19b9be9d88c0cc",
                "sha256:e345d143d80bf5ee7534056164e5e112ea5e22716bbb1ce727941f4c8b471b9a"
            ],
            "version": "==7.1.1"
        },
        "codecov": {
            "hashes": [
                "sha256:8ed8b7c6791010d359baed66f84f061bba5bd41174bf324c31311e8737602788",
                "sha256:ae00d68e18d8a20e9c3288ba3875ae03db3a8e892115bf9b83ef20507732bed4"
            ],
            "index": "pypi",
            "version": "==2.0.15"
        },
        "colorama": {
            "hashes": [
                "sha256:7d73d2a99753107a36ac6b455ee49046802e59d9d076ef8e47b61499fa29afff",
                "sha256:e96da0d330793e2cb9485e9ddfd918d456036c7149416295932478192f4436a1"
            ],
            "version": "==0.4.3"
        },
        "coverage": {
            "hashes": [
                "sha256:03f630aba2b9b0d69871c2e8d23a69b7fe94a1e2f5f10df5049c0df99db639a0",
                "sha256:046a1a742e66d065d16fb564a26c2a15867f17695e7f3d358d7b1ad8a61bca30",
                "sha256:0a907199566269e1cfa304325cc3b45c72ae341fbb3253ddde19fa820ded7a8b",
                "sha256:165a48268bfb5a77e2d9dbb80de7ea917332a79c7adb747bd005b3a07ff8caf0",
                "sha256:1b60a95fc995649464e0cd48cecc8288bac5f4198f21d04b8229dc4097d76823",
                "sha256:1f66cf263ec77af5b8fe14ef14c5e46e2eb4a795ac495ad7c03adc72ae43fafe",
                "sha256:2e08c32cbede4a29e2a701822291ae2bc9b5220a971bba9d1e7615312efd3037",
                "sha256:3844c3dab800ca8536f75ae89f3cf566848a3eb2af4d9f7b1103b4f4f7a5dad6",
                "sha256:408ce64078398b2ee2ec08199ea3fcf382828d2f8a19c5a5ba2946fe5ddc6c31",
                "sha256:443be7602c790960b9514567917af538cac7807a7c0c0727c4d2bbd4014920fd",
                "sha256:4482f69e0701139d0f2c44f3c395d1d1d37abd81bfafbf9b6efbe2542679d892",
                "sha256:4a8a259bf990044351baf69d3b23e575699dd60b18460c71e81dc565f5819ac1",
                "sha256:513e6526e0082c59a984448f4104c9bf346c2da9961779ede1fc458e8e8a1f78",
                "sha256:5f587dfd83cb669933186661a351ad6fc7166273bc3e3a1531ec5c783d997aac",
                "sha256:62061e87071497951155cbccee487980524d7abea647a1b2a6eb6b9647df9006",
                "sha256:641e329e7f2c01531c45c687efcec8aeca2a78a4ff26d49184dce3d53fc35014",
                "sha256:65a7e00c00472cd0f59ae09d2fb8a8aaae7f4a0cf54b2b74f3138d9f9ceb9cb2",
                "sha256:6ad6ca45e9e92c05295f638e78cd42bfaaf8ee07878c9ed73e93190b26c125f7",
                "sha256:73aa6e86034dad9f00f4bbf5a666a889d17d79db73bc5af04abd6c20a014d9c8",
                "sha256:7c9762f80a25d8d0e4ab3cb1af5d9dffbddb3ee5d21c43e3474c84bf5ff941f7",
                "sha256:85596aa5d9aac1bf39fe39d9fa1051b0f00823982a1de5766e35d495b4a36ca9",
                "sha256:86a0ea78fd851b313b2e712266f663e13b6bc78c2fb260b079e8b67d970474b1",
                "sha256:8a620767b8209f3446197c0e29ba895d75a1e272a36af0786ec70fe7834e4307",
                "sha256:922fb9ef2c67c3ab20e22948dcfd783397e4c043a5c5fa5ff5e9df5529074b0a",
                "sha256:9fad78c13e71546a76c2f8789623eec8e499f8d2d799f4b4547162ce0a4df435",
                "sha256:a37c6233b28e5bc340054cf6170e7090a4e85069513320275a4dc929144dccf0",
                "sha256:c3fc325ce4cbf902d05a80daa47b645d07e796a80682c1c5800d6ac5045193e5",
                "sha256:cda33311cb9fb9323958a69499a667bd728a39a7aa4718d7622597a44c4f1441",
                "sha256:db1d4e38c9b15be1521722e946ee24f6db95b189d1447fa9ff18dd16ba89f732",
                "sha256:eda55e6e9ea258f5e4add23bcf33dc53b2c319e70806e180aecbff8d90ea24de",
                "sha256:f372cdbb240e09ee855735b9d85e7f50730dcfb6296b74b95a3e5dea0615c4c1"
            ],
            "version": "==5.0.4"
        },
        "distlib": {
            "hashes": [
                "sha256:2e166e231a26b36d6dfe35a48c4464346620f8645ed0ace01ee31822b288de21"
            ],
            "version": "==0.3.0"
        },
        "django": {
            "hashes": [
                "sha256:50b781f6cbeb98f673aa76ed8e572a019a45e52bdd4ad09001072dfd91ab07c8",
                "sha256:89e451bfbb815280b137e33e454ddd56481fdaa6334054e6e031041ee1eda360"
            ],
            "index": "pypi",
            "version": "==3.0.4"
        },
        "docopt": {
            "hashes": [
                "sha256:49b3a825280bd66b3aa83585ef59c4a8c82f2c8a522dbe754a8bc8d08c85c491"
            ],
            "version": "==0.6.2"
        },
        "docutils": {
            "hashes": [
                "sha256:0c5b78adfbf7762415433f5515cd5c9e762339e23369dbe8000d84a4bf4ab3af",
                "sha256:c2de3a60e9e7d07be26b7f2b00ca0309c207e06c100f9cc2a94931fc75a478fc"
            ],
            "version": "==0.16"
        },
        "first": {
            "hashes": [
                "sha256:8d8e46e115ea8ac652c76123c0865e3ff18372aef6f03c22809ceefcea9dec86",
                "sha256:ff285b08c55f8c97ce4ea7012743af2495c9f1291785f163722bd36f6af6d3bf"
            ],
            "version": "==2.0.2"
        },
        "idna": {
            "hashes": [
                "sha256:7588d1c14ae4c77d74036e8c22ff447b26d0fde8f007354fd48a7814db15b7cb",
                "sha256:a068a21ceac8a4d63dbfd964670474107f541babbd2250d61922f029858365fa"
            ],
            "version": "==2.9"
        },
        "importlib-metadata": {
            "hashes": [
                "sha256:06f5b3a99029c7134207dd882428a66992a9de2bef7c2b699b5641f9886c3302",
                "sha256:b97607a1a18a5100839aec1dc26a1ea17ee0d93b20b0f008d80a5a050afb200b"
            ],
            "markers": "python_version < '3.8'",
            "version": "==1.5.0"
        },
        "isort": {
            "extras": [
                "pipfile"
            ],
            "hashes": [
                "sha256:18c796c2cd35eb1a1d3f012a214a542790a1aed95e29768bdcb9f2197eccbd0b",
                "sha256:96151fca2c6e736503981896495d344781b60d18bfda78dc11b290c6125ebdb6"
            ],
            "index": "pypi",
            "version": "==4.3.15"
        },
        "jinja2": {
            "hashes": [
                "sha256:93187ffbc7808079673ef52771baa950426fd664d3aad1d0fa3e95644360e250",
                "sha256:b0eaf100007721b5c16c1fc1eecb87409464edc10469ddc9a22a27a99123be49"
            ],
            "version": "==2.11.1"
        },
        "keyring": {
            "hashes": [
                "sha256:197fd5903901030ef7b82fe247f43cfed2c157a28e7747d1cfcf4bc5e699dd03",
                "sha256:8179b1cdcdcbc221456b5b74e6b7cfa06f8dd9f239eb81892166d9223d82c5ba"
            ],
            "version": "==21.2.0"
        },
        "lxml": {
            "hashes": [
                "sha256:02ca7bf899da57084041bb0f6095333e4d239948ad3169443f454add9f4e9cb4",
                "sha256:096b82c5e0ea27ce9138bcbb205313343ee66a6e132f25c5ed67e2c8d960a1bc",
                "sha256:0a920ff98cf1aac310470c644bc23b326402d3ef667ddafecb024e1713d485f1",
                "sha256:1409b14bf83a7d729f92e2a7fbfe7ec929d4883ca071b06e95c539ceedb6497c",
                "sha256:17cae1730a782858a6e2758fd20dd0ef7567916c47757b694a06ffafdec20046",
                "sha256:17e3950add54c882e032527795c625929613adbd2ce5162b94667334458b5a36",
                "sha256:1f4f214337f6ee5825bf90a65d04d70aab05526c08191ab888cb5149501923c5",
                "sha256:2e8f77db25b0a96af679e64ff9bf9dddb27d379c9900c3272f3041c4d1327c9d",
                "sha256:4dffd405390a45ecb95ab5ab1c1b847553c18b0ef8ed01e10c1c8b1a76452916",
                "sha256:6b899931a5648862c7b88c795eddff7588fb585e81cecce20f8d9da16eff96e0",
                "sha256:726c17f3e0d7a7200718c9a890ccfeab391c9133e363a577a44717c85c71db27",
                "sha256:760c12276fee05c36f95f8040180abc7fbebb9e5011447a97cdc289b5d6ab6fc",
                "sha256:796685d3969815a633827c818863ee199440696b0961e200b011d79b9394bbe7",
                "sha256:891fe897b49abb7db470c55664b198b1095e4943b9f82b7dcab317a19116cd38",
                "sha256:9277562f175d2334744ad297568677056861070399cec56ff06abbe2564d1232",
                "sha256:a471628e20f03dcdfde00770eeaf9c77811f0c331c8805219ca7b87ac17576c5",
                "sha256:a63b4fd3e2cabdcc9d918ed280bdde3e8e9641e04f3c59a2a3109644a07b9832",
                "sha256:ae88588d687bd476be588010cbbe551e9c2872b816f2da8f01f6f1fda74e1ef0",
                "sha256:b0b84408d4eabc6de9dd1e1e0bc63e7731e890c0b378a62443e5741cfd0ae90a",
                "sha256:be78485e5d5f3684e875dab60f40cddace2f5b2a8f7fede412358ab3214c3a6f",
                "sha256:c27eaed872185f047bb7f7da2d21a7d8913457678c9a100a50db6da890bc28b9",
                "sha256:c7fccd08b14aa437fe096c71c645c0f9be0655a9b1a4b7cffc77bcb23b3d61d2",
                "sha256:c81cb40bff373ab7a7446d6bbca0190bccc5be3448b47b51d729e37799bb5692",
                "sha256:d11874b3c33ee441059464711cd365b89fa1a9cf19ae75b0c189b01fbf735b84",
                "sha256:e9c028b5897901361d81a4718d1db217b716424a0283afe9d6735fe0caf70f79",
                "sha256:fe489d486cd00b739be826e8c1be188ddb74c7a1ca784d93d06fda882a6a1681"
            ],
            "index": "pypi",
            "version": "==4.4.1"
        },
        "markupsafe": {
            "hashes": [
                "sha256:00bc623926325b26bb9605ae9eae8a215691f33cae5df11ca5424f06f2d1f473",
                "sha256:09027a7803a62ca78792ad89403b1b7a73a01c8cb65909cd876f7fcebd79b161",
                "sha256:09c4b7f37d6c648cb13f9230d847adf22f8171b1ccc4d5682398e77f40309235",
                "sha256:1027c282dad077d0bae18be6794e6b6b8c91d58ed8a8d89a89d59693b9131db5",
                "sha256:13d3144e1e340870b25e7b10b98d779608c02016d5184cfb9927a9f10c689f42",
                "sha256:24982cc2533820871eba85ba648cd53d8623687ff11cbb805be4ff7b4c971aff",
                "sha256:29872e92839765e546828bb7754a68c418d927cd064fd4708fab9fe9c8bb116b",
                "sha256:43a55c2930bbc139570ac2452adf3d70cdbb3cfe5912c71cdce1c2c6bbd9c5d1",
                "sha256:46c99d2de99945ec5cb54f23c8cd5689f6d7177305ebff350a58ce5f8de1669e",
                "sha256:500d4957e52ddc3351cabf489e79c91c17f6e0899158447047588650b5e69183",
                "sha256:535f6fc4d397c1563d08b88e485c3496cf5784e927af890fb3c3aac7f933ec66",
                "sha256:596510de112c685489095da617b5bcbbac7dd6384aeebeda4df6025d0256a81b",
                "sha256:62fe6c95e3ec8a7fad637b7f3d372c15ec1caa01ab47926cfdf7a75b40e0eac1",
                "sha256:6788b695d50a51edb699cb55e35487e430fa21f1ed838122d722e0ff0ac5ba15",
                "sha256:6dd73240d2af64df90aa7c4e7481e23825ea70af4b4922f8ede5b9e35f78a3b1",
                "sha256:717ba8fe3ae9cc0006d7c451f0bb265ee07739daf76355d06366154ee68d221e",
                "sha256:79855e1c5b8da654cf486b830bd42c06e8780cea587384cf6545b7d9ac013a0b",
                "sha256:7c1699dfe0cf8ff607dbdcc1e9b9af1755371f92a68f706051cc8c37d447c905",
                "sha256:88e5fcfb52ee7b911e8bb6d6aa2fd21fbecc674eadd44118a9cc3863f938e735",
                "sha256:8defac2f2ccd6805ebf65f5eeb132adcf2ab57aa11fdf4c0dd5169a004710e7d",
                "sha256:98c7086708b163d425c67c7a91bad6e466bb99d797aa64f965e9d25c12111a5e",
                "sha256:9add70b36c5666a2ed02b43b335fe19002ee5235efd4b8a89bfcf9005bebac0d",
                "sha256:9bf40443012702a1d2070043cb6291650a0841ece432556f784f004937f0f32c",
                "sha256:ade5e387d2ad0d7ebf59146cc00c8044acbd863725f887353a10df825fc8ae21",
                "sha256:b00c1de48212e4cc9603895652c5c410df699856a2853135b3967591e4beebc2",
                "sha256:b1282f8c00509d99fef04d8ba936b156d419be841854fe901d8ae224c59f0be5",
                "sha256:b2051432115498d3562c084a49bba65d97cf251f5a331c64a12ee7e04dacc51b",
                "sha256:ba59edeaa2fc6114428f1637ffff42da1e311e29382d81b339c1817d37ec93c6",
                "sha256:c8716a48d94b06bb3b2524c2b77e055fb313aeb4ea620c8dd03a105574ba704f",
                "sha256:cd5df75523866410809ca100dc9681e301e3c27567cf498077e8551b6d20e42f",
                "sha256:cdb132fc825c38e1aeec2c8aa9338310d29d337bebbd7baa06889d09a60a1fa2",
                "sha256:e249096428b3ae81b08327a63a485ad0878de3fb939049038579ac0ef61e17e7",
                "sha256:e8313f01ba26fbbe36c7be1966a7b7424942f670f38e666995b88d012765b9be"
            ],
            "version": "==1.1.1"
        },
        "more-itertools": {
            "hashes": [
                "sha256:5dd8bcf33e5f9513ffa06d5ad33d78f31e1931ac9a18f33d37e77a180d393a7c",
                "sha256:b1ddb932186d8a6ac451e1d95844b382f55e12686d51ca0c68b6f61f2ab7a507"
            ],
            "version": "==8.2.0"
        },
        "mypy": {
            "hashes": [
                "sha256:00b95bfdc0d5b9aa53c906e56fb91937743f2121d66684db5f947ec5d75f565d",
                "sha256:6704586b4c2bf7dfa5e87a422be9ca57db622bab65008245759f3d4baeb219dd"
            ],
            "index": "pypi",
            "version": "==0.630"
        },
        "mypy-extensions": {
            "hashes": [
                "sha256:090fedd75945a69ae91ce1303b5824f428daf5a028d2f6ab8a299250a846f15d",
                "sha256:2d82818f5bb3e369420cb3c4060a7970edba416647068eb4c5343488a6c604a8"
            ],
            "version": "==0.4.3"
        },
        "orderedmultidict": {
            "hashes": [
                "sha256:04070bbb5e87291cc9bfa51df413677faf2141c73c61d2a5f7b26bea3cd882ad",
                "sha256:43c839a17ee3cdd62234c47deca1a8508a3f2ca1d0678a3bf791c87cf84adbf3"
            ],
            "version": "==1.0.1"
        },
        "packaging": {
            "hashes": [
                "sha256:3c292b474fda1671ec57d46d739d072bfd495a4f51ad01a055121d81e952b7a3",
                "sha256:82f77b9bee21c1bafbf35a84905d604d5d1223801d639cf3ed140bd651c08752"
            ],
            "version": "==20.3"
        },
        "pep517": {
            "hashes": [
                "sha256:5ce351f3be71d01bb094d63253854b6139931fcaba8e2f380c02102136c51e40",
                "sha256:882e2eeeffe39ccd6be6122d98300df18d80950cb5f449766d64149c94c5614a"
            ],
            "version": "==0.8.1"
        },
        "pip-shims": {
            "hashes": [
                "sha256:2b9a88ff0fd31e7d27a362d3e36e6e75d8fbc339c9c4367f4a97b72b22e6f4f4",
                "sha256:5861da6f48e60b55d40b984795c63681e4db7ac576c1c3b05f4b54a9d508e3da"
            ],
            "version": "==0.5.1"
        },
        "pipreqs": {
            "hashes": [
                "sha256:9e351d644b28b98d7386b046a73806cbb3bb66b23a30e74feeb95ed9571db939",
                "sha256:cafe42ab70628d408c147fb8944bc303355ea8f91fddca4a98d273e572e39905"
            ],
            "version": "==0.4.10"
        },
        "pkginfo": {
            "hashes": [
                "sha256:7424f2c8511c186cd5424bbf31045b77435b37a8d604990b79d4e70d741148bb",
                "sha256:a6d9e40ca61ad3ebd0b72fbadd4fba16e4c0e4df0428c041e01e06eb6ee71f32"
            ],
            "version": "==1.5.0.1"
        },
        "plette": {
            "extras": [
                "validation"
            ],
            "hashes": [
                "sha256:46402c03e36d6eadddad2a5125990e322dd74f98160c8f2dcd832b2291858a26",
                "sha256:d6c9b96981b347bddd333910b753b6091a2c1eb2ef85bb373b4a67c9d91dca16"
            ],
            "version": "==0.2.3"
        },
        "pluggy": {
            "hashes": [
                "sha256:15b2acde666561e1298d71b523007ed7364de07029219b604cf808bfa1c765b0",
                "sha256:966c145cd83c96502c3c3868f50408687b38434af77734af1e9ca461a4081d2d"
            ],
            "version": "==0.13.1"
        },
        "py": {
            "hashes": [
                "sha256:5e27081401262157467ad6e7f851b7aa402c5852dbcb3dae06768434de5752aa",
                "sha256:c20fdd83a5dbc0af9efd622bee9a5564e278f6380fffcacc43ba6f43db2813b0"
            ],
            "version": "==1.8.1"
        },
        "pygments": {
            "hashes": [
                "sha256:647344a061c249a3b74e230c739f434d7ea4d8b1d5f3721bc0f3558049b38f44",
                "sha256:ff7a40b4860b727ab48fad6360eb351cc1b33cbf9b15a0f689ca5353e9463324"
            ],
            "version": "==2.6.1"
        },
        "pyparsing": {
            "hashes": [
                "sha256:4c830582a84fb022400b85429791bc551f1f4871c33f23e44f353119e92f969f",
                "sha256:c342dccb5250c08d45fd6f8b4a559613ca603b57498511740e65cd11a2e7dcec"
            ],
            "version": "==2.4.6"
        },
        "pytest": {
            "hashes": [
                "sha256:7e4800063ccfc306a53c461442526c5571e1462f61583506ce97e4da6a1d88c8",
                "sha256:ca563435f4941d0cb34767301c27bc65c510cb82e90b9ecf9cb52dc2c63caaa0"
            ],
            "index": "pypi",
            "version": "==5.2.1"
        },
        "pytest-cov": {
            "hashes": [
                "sha256:cc6742d8bac45070217169f5f72ceee1e0e55b0221f54bcf24845972d3a47f2b",
                "sha256:cdbdef4f870408ebdbfeb44e63e07eb18bb4619fae852f6e760645fa36172626"
            ],
            "index": "pypi",
            "version": "==2.8.1"
        },
        "pytest-django": {
            "hashes": [
                "sha256:456fa6854d04ee625d6bbb8b38ca2259e7040a6f93333bfe8bc8159b7e987203",
                "sha256:489b904f695f9fb880ce591cf5a4979880afb467763b1f180c07574554bdfd26"
            ],
            "index": "pypi",
            "version": "==3.8.0"
        },
        "pytest-django-queries": {
            "hashes": [
                "sha256:16f4dffa5a4c95bb2e10e6f4289796503578bc46ea69a81b2f4ed8376f7c75b5"
            ],
            "index": "pypi",
            "version": "==1.1.0"
        },
        "pytz": {
            "hashes": [
                "sha256:1c557d7d0e871de1f5ccd5833f60fb2550652da6be2693c1e02300743d21500d",
                "sha256:b02c06db6cf09c12dd25137e563b31700d3b80fcc4ad23abb7a315f2789819be"
            ],
            "version": "==2019.3"
        },
        "readme-renderer": {
            "hashes": [
                "sha256:1b6d8dd1673a0b293766b4106af766b6eff3654605f9c4f239e65de6076bc222",
                "sha256:e67d64242f0174a63c3b727801a2fff4c1f38ebe5d71d95ff7ece081945a6cd4"
            ],
            "version": "==25.0"
        },
        "requests": {
            "hashes": [
                "sha256:43999036bfa82904b6af1d99e4882b560e5e2c68e5c4b0aa03b655f3d7d73fee",
                "sha256:b3f43d496c6daba4493e7c431722aeb7dbc6288f52a6e04e7b6023b0247817e6"
            ],
            "version": "==2.23.0"
        },
        "requests-toolbelt": {
            "hashes": [
                "sha256:380606e1d10dc85c3bd47bf5a6095f815ec007be7a8b69c878507068df059e6f",
                "sha256:968089d4584ad4ad7c171454f0a5c6dac23971e9472521ea3b6d49d610aa6fc0"
            ],
            "version": "==0.9.1"
        },
        "requirementslib": {
            "hashes": [
                "sha256:50731ac1052473e4c7df59a44a1f3aa20f32e687110bc05d73c3b4109eebc23d",
                "sha256:8b594ab8b6280ee97cffd68fc766333345de150124d5b76061dd575c3a21fe5a"
            ],
            "version": "==1.5.3"
        },
        "six": {
            "hashes": [
                "sha256:236bdbdce46e6e6a3d61a337c0f8b763ca1e8717c03b369e87a7ec7ce1319c0a",
                "sha256:8f3cd2e254d8f793e7f3d6d9df77b92252b52637291d0f0da013c76ea2724b6c"
            ],
            "version": "==1.14.0"
        },
        "sqlparse": {
            "hashes": [
                "sha256:022fb9c87b524d1f7862b3037e541f68597a730a8843245c349fc93e1643dc4e",
                "sha256:e162203737712307dfe78860cc56c8da8a852ab2ee33750e33aeadf38d12c548"
            ],
            "version": "==0.3.1"
        },
        "toml": {
            "hashes": [
                "sha256:229f81c57791a41d65e399fc06bf0848bab550a9dfd5ed66df18ce5f05e73d5c",
                "sha256:235682dd292d5899d361a811df37e04a8828a5b1da3115886b73cf81ebc9100e"
            ],
            "version": "==0.10.0"
        },
        "tomlkit": {
            "hashes": [
                "sha256:4e1bd6c9197d984528f9ff0cc9db667c317d8881288db50db20eeeb0f6b0380b",
                "sha256:f044eda25647882e5ef22b43a1688fb6ab12af2fc50e8456cdfc751c873101cf"
            ],
            "version": "==0.5.11"
        },
        "tqdm": {
            "hashes": [
                "sha256:0d8b5afb66e23d80433102e9bd8b5c8b65d34c2a2255b2de58d97bd2ea8170fd",
                "sha256:f35fb121bafa030bd94e74fcfd44f3c2830039a2ddef7fc87ef1c2d205237b24"
            ],
            "version": "==4.43.0"
        },
        "twine": {
            "hashes": [
                "sha256:c1af8ca391e43b0a06bbc155f7f67db0bf0d19d284bfc88d1675da497a946124",
                "sha256:d561a5e511f70275e5a485a6275ff61851c16ffcb3a95a602189161112d9f160"
            ],
            "index": "pypi",
            "version": "==3.1.1"
        },
        "typed-ast": {
            "hashes": [
                "sha256:0cf0c406af2a6472a02254fe1ced40cb81a7c1215b7ceba88a3bb9c3a864f851",
                "sha256:1b784cd3c6778cd7b99afb41ddcaa1eb5b35a399210db7fcf24ed082670e0070",
                "sha256:2d7a322c1df6cccff2381c0475c1ebf82d3e9a331e48ed4ea89bbc72a8dedca6",
                "sha256:4304399ff89452871348f6fb7a7112454cd508fbe3eb49b5ed711cce9b99fe9e",
                "sha256:4658aebc30c0af80e63b579e917c04b592bdf10ef40da381b2fd179075b5d1b6",
                "sha256:471a7f12e55ad22f7a4bb2c3e62e39e3ab78008b24c61c48c9042e63b7359bb9",
                "sha256:57cb23412dac214383c6b6f0f7b0aec2d0c001a936af20f0b53542bbe4ba08a7",
                "sha256:5eb14e6b3aa5ff5d7e964b978a718227b5576b3965f1dd71dd055f71054233a5",
                "sha256:8219b6147af4d609096b6db2c797281e19fd3f7232ef35932bc74a812ff417a0",
                "sha256:8a7e9635cf0aaca04b2a4d4b3501c0dbc5c49a140b2e55b00e218d41ed2a69c8",
                "sha256:935157ada4aa115d61c59e759e43c5862b04d19ffe6fe5c9d735716587535cb7",
                "sha256:9525f4cbe3eb7b9e19a87c765ca9bbc1147ce18f75059e15138eb7fc59ce02e3",
                "sha256:99c140583eef6b50f3de4af44718a4fc63108671b29c468b5ff83ed383facf6d",
                "sha256:9e358ce6d4c43a90c15b99b76261adc852998680628c780f26fd64bc21adb9fa",
                "sha256:aaf63a024b54d2788cff3400de79009ee8a23594b581d4f33d90b7c67f8c05bd",
                "sha256:c3313b3fa1b6b722866eda370c14fd8f4962b6bcd1f6d43f42d6818a8b29d998",
                "sha256:c9342947e5f3480473d836754d69965a12ac2237d99ae85d1e3fdd1c1722669f",
                "sha256:cb1c7e5b3195103f5a784db7969fc55463cfae9b354e3b97cc219d32293d5e65",
                "sha256:d2d2cce74165cae2663167c921e331fb0eecfff2e93254dfdb16beb99716e519",
                "sha256:d6fc3b9fbf67d556223aa5493501022e1d585b9a1892fa87ba1257627763c461",
                "sha256:fa4eafaa57074958f065c2a6222d8f11162739f8c9db125472a1f04794a0b91d"
            ],
            "version": "==1.1.2"
        },
        "urllib3": {
            "hashes": [
                "sha256:2f3db8b19923a873b3e5256dc9c2dedfa883e33d87c690d9c7913e1f40673cdc",
                "sha256:87716c2d2a7121198ebcb7ce7cccf6ce5e9ba539041cfbaeecfb641dc0bf6acc"
            ],
            "version": "==1.25.8"
        },
        "vistir": {
            "hashes": [
                "sha256:33f8e905d40a77276b3d5310c8b57c1479a4e46930042b4894fcf7ed60ad76c4",
                "sha256:e47afdec8baf35032a8d17116765f751ecd2f2146d47e5af457c5de1fe5a334e"
            ],
            "version": "==0.5.0"
        },
        "wcwidth": {
            "hashes": [
                "sha256:8fd29383f539be45b20bd4df0dc29c20ba48654a41e661925e612311e9f3c603",
                "sha256:f28b3e8a6483e5d49e7f8949ac1a78314e740333ae305b4ba5defd3e74fb37a8"
            ],
            "version": "==0.1.8"
        },
        "webencodings": {
            "hashes": [
                "sha256:a0af1213f3c2226497a97e2b3aa01a7e4bee4f403f95be16fc9acd2947514a78",
                "sha256:b36a1c245f2d304965eb4e0a82848379241dc04b865afcc4aab16748587e1923"
            ],
            "version": "==0.5.1"
        },
        "wheel": {
            "hashes": [
                "sha256:8788e9155fe14f54164c1b9eb0a319d98ef02c160725587ad60f14ddc57b6f96",
                "sha256:df277cb51e61359aba502208d680f90c0493adec6f0e848af94948778aed386e"
            ],
            "version": "==0.34.2"
        },
        "yarg": {
            "hashes": [
                "sha256:4f9cebdc00fac946c9bf2783d634e538a71c7d280a4d806d45fd4dc0ef441492",
                "sha256:55695bf4d1e3e7f756496c36a69ba32c40d18f821e38f61d028f6049e5e15911"
            ],
            "version": "==0.1.9"
        },
        "zipp": {
            "hashes": [
                "sha256:aa36550ff0c0b7ef7fa639055d797116ee891440eac1a56f378e2d3179e0320b",
                "sha256:c599e4d75c98f6798c509911d08a22e6c021d074469042177c8c86fb92eefd96"
            ],
            "markers": "python_version < '3.8'",
            "version": "==3.1.0"
        }
    }
}
